
Microsoft Visual Studio Solution File, Format Version 12.00
Project("{FAE04EC0-301F-11D3-BF4B-00C04F79EFBC}") = "vsob.sba_data_cleaner", "vsob.sba_data_cleaner\vsob.sba_data_cleaner.csproj", "{A750B23C-81A3-4EF2-9310-0CCC5A547918}"
EndProject
Global
	GlobalSection(SolutionConfigurationPlatforms) = preSolution
		Debug|Any CPU = Debug|Any CPU
		Release|Any CPU = Release|Any CPU
	EndGlobalSection
	GlobalSection(ProjectConfigurationPlatforms) = postSolution
		{A750B23C-81A3-4EF2-9310-0CCC5A547918}.Debug|Any CPU.ActiveCfg = Debug|Any CPU
		{A750B23C-81A3-4EF2-9310-0CCC5A547918}.Debug|Any CPU.Build.0 = Debug|Any CPU
		{A750B23C-81A3-4EF2-9310-0CCC5A547918}.Release|Any CPU.ActiveCfg = Release|Any CPU
		{A750B23C-81A3-4EF2-9310-0CCC5A547918}.Release|Any CPU.Build.0 = Release|Any CPU
	EndGlobalSection
EndGlobal
